{
  "name": "tests",
  "version": "0.0.1",
  "lockfileVersion": 1,
  "requires": true,
  "dependencies": {
    "unity-n-effects": {
      "version": "file:..",
      "requires": {
        "unity-n-optional": "github:shadowmint/unity-n-optional",
        "unity-n-promises": "github:shadowmint/unity-n-promises"
      },
      "dependencies": {
        "unity-n-optional": {
          "version": "1.0.1",
          "from": "github:shadowmint/unity-n-optional",
          "bundled": true
        },
        "unity-n-promises": {
          "version": "1.1.6",
          "from": "github:shadowmint/unity-n-promises",
          "bundled": true
        }
      }
    },
    "unity-n-optional": {
      "version": "github:shadowmint/unity-n-optional#951d1f6126a3ca9f080e012c2748726210e70801",
      "from": "github:shadowmint/unity-n-optional"
    },
    "unity-n-tests": {
      "version": "github:shadowmint/unity-n-tests#bd790b0912127af775ed72d41f3d28a0ca5549b7",
      "from": "github:shadowmint/unity-n-tests"
    }
  }
}
